
Microsoft Visual Studio Solution File, Format Version 12.00
# Visual Studio Version 17
VisualStudioVersion = 17.13.35931.197 d17.13
MinimumVisualStudioVersion = 10.0.40219.1
Project("{FAE04EC0-301F-11D3-BF4B-00C04F79EFBC}") = "LeaveManagement.Domain", "LeaveManagement.Domain\LeaveManagement.Domain.csproj", "{50BCF989-4D5F-48D0-B05A-7AB6C26421AE}"
EndProject
Project("{FAE04EC0-301F-11D3-BF4B-00C04F79EFBC}") = "LeaveManagement.Infrastructure", "LeaveManagement.Infrastructure\LeaveManagement.Infrastructure.csproj", "{BB04D82C-A6C8-4054-9D22-D037F1F7074F}"
EndProject
Project("{FAE04EC0-301F-11D3-BF4B-00C04F79EFBC}") = "LeaveManagement.API", "LeaveManagement.API\LeaveManagement.API.csproj", "{615CD824-620C-40F2-8D7F-44BE154E7D6D}"
EndProject
Project("{FAE04EC0-301F-11D3-BF4B-00C04F79EFBC}") = "LeaveManagement.Application", "LeaveManagement.Application\LeaveManagement.Application.csproj", "{292B2958-17C7-41ED-AA14-A960DF6A1D66}"
EndProject
Global
	GlobalSection(SolutionConfigurationPlatforms) = preSolution
		Debug|Any CPU = Debug|Any CPU
		Release|Any CPU = Release|Any CPU
	EndGlobalSection
	GlobalSection(ProjectConfigurationPlatforms) = postSolution
		{50BCF989-4D5F-48D0-B05A-7AB6C26421AE}.Debug|Any CPU.ActiveCfg = Debug|Any CPU
		{50BCF989-4D5F-48D0-B05A-7AB6C26421AE}.Debug|Any CPU.Build.0 = Debug|Any CPU
		{50BCF989-4D5F-48D0-B05A-7AB6C26421AE}.Release|Any CPU.ActiveCfg = Release|Any CPU
		{50BCF989-4D5F-48D0-B05A-7AB6C26421AE}.Release|Any CPU.Build.0 = Release|Any CPU
		{BB04D82C-A6C8-4054-9D22-D037F1F7074F}.Debug|Any CPU.ActiveCfg = Debug|Any CPU
		{BB04D82C-A6C8-4054-9D22-D037F1F7074F}.Debug|Any CPU.Build.0 = Debug|Any CPU
		{BB04D82C-A6C8-4054-9D22-D037F1F7074F}.Release|Any CPU.ActiveCfg = Release|Any CPU
		{BB04D82C-A6C8-4054-9D22-D037F1F7074F}.Release|Any CPU.Build.0 = Release|Any CPU
		{615CD824-620C-40F2-8D7F-44BE154E7D6D}.Debug|Any CPU.ActiveCfg = Debug|Any CPU
		{615CD824-620C-40F2-8D7F-44BE154E7D6D}.Debug|Any CPU.Build.0 = Debug|Any CPU
		{615CD824-620C-40F2-8D7F-44BE154E7D6D}.Release|Any CPU.ActiveCfg = Release|Any CPU
		{615CD824-620C-40F2-8D7F-44BE154E7D6D}.Release|Any CPU.Build.0 = Release|Any CPU
		{292B2958-17C7-41ED-AA14-A960DF6A1D66}.Debug|Any CPU.ActiveCfg = Debug|Any CPU
		{292B2958-17C7-41ED-AA14-A960DF6A1D66}.Debug|Any CPU.Build.0 = Debug|Any CPU
		{292B2958-17C7-41ED-AA14-A960DF6A1D66}.Release|Any CPU.ActiveCfg = Release|Any CPU
		{292B2958-17C7-41ED-AA14-A960DF6A1D66}.Release|Any CPU.Build.0 = Release|Any CPU
	EndGlobalSection
	GlobalSection(SolutionProperties) = preSolution
		HideSolutionNode = FALSE
	EndGlobalSection
	GlobalSection(ExtensibilityGlobals) = postSolution
		SolutionGuid = {09F84FFA-30ED-4866-9CBD-02AE66A8B275}
	EndGlobalSection
EndGlobal
